// !$*UTF8*$!
{
	archiveVersion = 1;
	classes = {
	};
	objectVersion = 51;
	objects = {

/* Begin PBXBuildFile section */
		1830E0F957ACE590088D1F70 /* Pods_Filter_Cam.framework in Frameworks */ = {isa = PBXBuildFile; fileRef = CE94E6E3E1B10EC1B5911EEB /* Pods_Filter_Cam.framework */; };
		5EAB05FD271F265D00951DFD /* AppDelegate.swift in Sources */ = {isa = PBXBuildFile; fileRef = 5EAB05FC271F265D00951DFD /* AppDelegate.swift */; };
		5EAB0606271F266200951DFD /* Assets.xcassets in Resources */ = {isa = PBXBuildFile; fileRef = 5EAB0605271F266200951DFD /* Assets.xcassets */; };
		5EAB0609271F266200951DFD /* LaunchScreen.storyboard in Resources */ = {isa = PBXBuildFile; fileRef = 5EAB0607271F266200951DFD /* LaunchScreen.storyboard */; };
		5EAB0611271F268B00951DFD /* MainViewController.swift in Sources */ = {isa = PBXBuildFile; fileRef = 5EAB0610271F268B00951DFD /* MainViewController.swift */; };
		5EAB0616271FCBFD00951DFD /* PhotoCollectionViewController.swift in Sources */ = {isa = PBXBuildFile; fileRef = 5EAB0615271FCBFD00951DFD /* PhotoCollectionViewController.swift */; };
		5EFBAA8F271FF81F00FEF629 /* PhotoCollectionViewCell.swift in Sources */ = {isa = PBXBuildFile; fileRef = 5EFBAA8E271FF81F00FEF629 /* PhotoCollectionViewCell.swift */; };
/* End PBXBuildFile section */

/* Begin PBXFileReference section */
		5EAB05F9271F265D00951DFD /* Filter Cam.app */ = {isa = PBXFileReference; explicitFileType = wrapper.application; includeInIndex = 0; path = "Filter Cam.app"; sourceTree = BUILT_PRODUCTS_DIR; };
		5EAB05FC271F265D00951DFD /* AppDelegate.swift */ = {isa = PBXFileReference; lastKnownFileType = sourcecode.swift; path = AppDelegate.swift; sourceTree = "<group>"; };
		5EAB0605271F266200951DFD /* Assets.xcassets */ = {isa = PBXFileReference; lastKnownFileType = folder.assetcatalog; path = Assets.xcassets; sourceTree = "<group>"; };
		5EAB0608271F266200951DFD /* Base */ = {isa = PBXFileReference; lastKnownFileType = file.storyboard; name = Base; path = Base.lproj/LaunchScreen.storyboard; sourceTree = "<group>"; };
		5EAB060A271F266300951DFD /* Info.plist */ = {isa = PBXFileReference; lastKnownFileType = text.plist.xml; path = Info.plist; sourceTree = "<group>"; };
		5EAB0610271F268B00951DFD /* MainViewController.swift */ = {isa = PBXFileReference; lastKnownFileType = sourcecode.swift; path = MainViewController.swift; sourceTree = "<group>"; };
		5EAB0615271FCBFD00951DFD /* PhotoCollectionViewController.swift */ = {isa = PBXFileReference; lastKnownFileType = sourcecode.swift; path = PhotoCollectionViewController.swift; sourceTree = "<group>"; };
		5EFBAA8E271FF81F00FEF629 /* PhotoCollectionViewCell.swift */ = {isa = PBXFileReference; lastKnownFileType = sourcecode.swift; path = PhotoCollectionViewCell.swift; sourceTree = "<group>"; };
		6A802E90C2C648FEBD29D182 /* Pods-Filter Cam.debug.xcconfig */ = {isa = PBXFileReference; includeInIndex = 1; lastKnownFileType = text.xcconfig; name = "Pods-Filter Cam.debug.xcconfig"; path = "Target Support Files/Pods-Filter Cam/Pods-Filter Cam.debug.xcconfig"; sourceTree = "<group>"; };
		82E08A3BCD0B3873C9EEB236 /* Pods-Filter Cam.release.xcconfig */ = {isa = PBXFileReference; includeInIndex = 1; lastKnownFileType = text.xcconfig; name = "Pods-Filter Cam.release.xcconfig"; path = "Target Support Files/Pods-Filter Cam/Pods-Filter Cam.release.xcconfig"; sourceTree = "<group>"; };
		CE94E6E3E1B10EC1B5911EEB /* Pods_Filter_Cam.framework */ = {isa = PBXFileReference; explicitFileType = wrapper.framework; includeInIndex = 0; path = Pods_Filter_Cam.framework; sourceTree = BUILT_PRODUCTS_DIR; };
/* End PBXFileReference section */

/* Begin PBXFrameworksBuildPhase section */
		5EAB05F6271F265D00951DFD /* Frameworks */ = {
			isa = PBXFrameworksBuildPhase;
			buildActionMask = 2147483647;
			files = (
				1830E0F957ACE590088D1F70 /* Pods_Filter_Cam.framework in Frameworks */,
			);
			runOnlyForDeploymentPostprocessing = 0;
		};
/* End PBXFrameworksBuildPhase section */

/* Begin PBXGroup section */
		154F103D058DB2DED45D25A4 /* Frameworks */ = {
			isa = PBXGroup;
			children = (
				CE94E6E3E1B10EC1B5911EEB /* Pods_Filter_Cam.framework */,
			);
			name = Frameworks;
			sourceTree = "<group>";
		};
		5EAB05F0271F265D00951DFD = {
			isa = PBXGroup;
			children = (
				5EAB05FB271F265D00951DFD /* Filter Cam */,
				5EAB05FA271F265D00951DFD /* Products */,
				94B7D431B6E66882261DBDD0 /* Pods */,
				154F103D058DB2DED45D25A4 /* Frameworks */,
			);
			sourceTree = "<group>";
		};
		5EAB05FA271F265D00951DFD /* Products */ = {
			isa = PBXGroup;
			children = (
				5EAB05F9271F265D00951DFD /* Filter Cam.app */,
			);
			name = Products;
			sourceTree = "<group>";
		};
		5EAB05FB271F265D00951DFD /* Filter Cam */ = {
			isa = PBXGroup;
			children = (
				5EFBAA8D271FF80E00FEF629 /* Cells */,
				5EAB0612271F29CB00951DFD /* ViewControllers */,
				5EAB05FC271F265D00951DFD /* AppDelegate.swift */,
				5EAB0605271F266200951DFD /* Assets.xcassets */,
				5EAB0607271F266200951DFD /* LaunchScreen.storyboard */,
				5EAB060A271F266300951DFD /* Info.plist */,
			);
			path = "Filter Cam";
			sourceTree = "<group>";
		};
		5EAB0612271F29CB00951DFD /* ViewControllers */ = {
			isa = PBXGroup;
			children = (
				5EAB0610271F268B00951DFD /* MainViewController.swift */,
				5EAB0615271FCBFD00951DFD /* PhotoCollectionViewController.swift */,
			);
			path = ViewControllers;
			sourceTree = "<group>";
		};
		5EFBAA8D271FF80E00FEF629 /* Cells */ = {
			isa = PBXGroup;
			children = (
				5EFBAA8E271FF81F00FEF629 /* PhotoCollectionViewCell.swift */,
			);
			path = Cells;
			sourceTree = "<group>";
		};
		94B7D431B6E66882261DBDD0 /* Pods */ = {
			isa = PBXGroup;
			children = (
				6A802E90C2C648FEBD29D182 /* Pods-Filter Cam.debug.xcconfig */,
				82E08A3BCD0B3873C9EEB236 /* Pods-Filter Cam.release.xcconfig */,
			);
			path = Pods;
			sourceTree = "<group>";
		};
/* End PBXGroup section */

/* Begin PBXNativeTarget section */
		5EAB05F8271F265D00951DFD /* Filter Cam */ = {
			isa = PBXNativeTarget;
			buildConfigurationList = 5EAB060D271F266300951DFD /* Build configuration list for PBXNativeTarget "Filter Cam" */;
			buildPhases = (
				CF96A60B49A8C190EF318F38 /* [CP] Check Pods Manifest.lock */,
				5EAB05F5271F265D00951DFD /* Sources */,
				5EAB05F6271F265D00951DFD /* Frameworks */,
				5EAB05F7271F265D00951DFD /* Resources */,
				1DBA8193DA6429D4EF8639EB /* [CP] Embed Pods Frameworks */,
			);
			buildRules = (
			);
			dependencies = (
			);
			name = "Filter Cam";
			productName = "Filter Cam";
			productReference = 5EAB05F9271F265D00951DFD /* Filter Cam.app */;
			productType = "com.apple.product-type.application";
		};
/* End PBXNativeTarget section */

/* Begin PBXProject section */
		5EAB05F1271F265D00951DFD /* Project object */ = {
			isa = PBXProject;
			attributes = {
				LastSwiftUpdateCheck = 1250;
				LastUpgradeCheck = 1250;
				TargetAttributes = {
					5EAB05F8271F265D00951DFD = {
						CreatedOnToolsVersion = 12.5.1;
					};
				};
			};
			buildConfigurationList = 5EAB05F4271F265D00951DFD /* Build configuration list for PBXProject "Filter Cam" */;
			compatibilityVersion = "Xcode 9.3";
			developmentRegion = en;
			hasScannedForEncodings = 0;
			knownRegions = (
				en,
				Base,
			);
			mainGroup = 5EAB05F0271F265D00951DFD;
			productRefGroup = 5EAB05FA271F265D00951DFD /* Products */;
			projectDirPath = "";
			projectRoot = "";
			targets = (
				5EAB05F8271F265D00951DFD /* Filter Cam */,
			);
		};
/* End PBXProject section */

/* Begin PBXResourcesBuildPhase section */
		5EAB05F7271F265D00951DFD /* Resources */ = {
			isa = PBXResourcesBuildPhase;
			buildActionMask = 2147483647;
			files = (
				5EAB0609271F266200951DFD /* LaunchScreen.storyboard in Resources */,
				5EAB0606271F266200951DFD /* Assets.xcassets in Resources */,
			);
			runOnlyForDeploymentPostprocessing = 0;
		};
/* End PBXResourcesBuildPhase section */

/* Begin PBXShellScriptBuildPhase section */
		1DBA8193DA6429D4EF8639EB /* [CP] Embed Pods Frameworks */ = {
			isa = PBXShellScriptBuildPhase;
			buildActionMask = 2147483647;
			files = (
			);
			inputFileListPaths = (
				"${PODS_ROOT}/Target Support Files/Pods-Filter Cam/Pods-Filter Cam-frameworks-${CONFIGURATION}-input-files.xcfilelist",
			);
			name = "[CP] Embed Pods Frameworks";
			outputFileListPaths = (
				"${PODS_ROOT}/Target Support Files/Pods-Filter Cam/Pods-Filter Cam-frameworks-${CONFIGURATION}-output-files.xcfilelist",
			);
			runOnlyForDeploymentPostprocessing = 0;
			shellPath = /bin/sh;
			shellScript = "\"${PODS_ROOT}/Target Support Files/Pods-Filter Cam/Pods-Filter Cam-frameworks.sh\"\n";
			showEnvVarsInLog = 0;
		};
		CF96A60B49A8C190EF318F38 /* [CP] Check Pods Manifest.lock */ = {
			isa = PBXShellScriptBuildPhase;
			buildActionMask = 2147483647;
			files = (
			);
			inputFileListPaths = (
			);
			inputPaths = (
				"${PODS_PODFILE_DIR_PATH}/Podfile.lock",
				"${PODS_ROOT}/Manifest.lock",
			);
			name = "[CP] Check Pods Manifest.lock";
			outputFileListPaths = (
			);
			outputPaths = (
				"$(DERIVED_FILE_DIR)/Pods-Filter Cam-checkManifestLockResult.txt",
			);
			runOnlyForDeploymentPostprocessing = 0;
			shellPath = /bin/sh;
			shellScript = "diff \"${PODS_PODFILE_DIR_PATH}/Podfile.lock\" \"${PODS_ROOT}/Manifest.lock\" > /dev/null\nif [ $? != 0 ] ; then\n    # print error to STDERR\n    echo \"error: The sandbox is not in sync with the Podfile.lock. Run 'pod install' or update your CocoaPods installation.\" >&2\n    exit 1\nfi\n# This output is used by Xcode 'outputs' to avoid re-running this script phase.\necho \"SUCCESS\" > \"${SCRIPT_OUTPUT_FILE_0}\"\n";
			showEnvVarsInLog = 0;
		};
/* End PBXShellScriptBuildPhase section */

/* Begin PBXSourcesBuildPhase section */
		5EAB05F5271F265D00951DFD /* Sources */ = {
			isa = PBXSourcesBuildPhase;
			buildActionMask = 2147483647;
			files = (
				5EAB05FD271F265D00951DFD /* AppDelegate.swift in Sources */,
				5EFBAA8F271FF81F00FEF629 /* PhotoCollectionViewCell.swift in Sources */,
				5EAB0616271FCBFD00951DFD /* PhotoCollectionViewController.swift in Sources */,
				5EAB0611271F268B00951DFD /* MainViewController.swift in Sources */,
			);
			runOnlyForDeploymentPostprocessing = 0;
		};
/* End PBXSourcesBuildPhase section */

/* Begin PBXVariantGroup section */
		5EAB0607271F266200951DFD /* LaunchScreen.storyboard */ = {
			isa = PBXVariantGroup;
			children = (
				5EAB0608271F266200951DFD /* Base */,
			);
			name = LaunchScreen.storyboard;
			sourceTree = "<group>";
		};
/* End PBXVariantGroup section */

/* Begin XCBuildConfiguration section */
		5EAB060B271F266300951DFD /* Debug */ = {
			isa = XCBuildConfiguration;
			buildSettings = {
				ALWAYS_SEARCH_USER_PATHS = NO;
				CLANG_ANALYZER_NONNULL = YES;
				CLANG_ANALYZER_NUMBER_OBJECT_CONVERSION = YES_AGGRESSIVE;
				CLANG_CXX_LANGUAGE_STANDARD = "gnu++14";
				CLANG_CXX_LIBRARY = "libc++";
				CLANG_ENABLE_MODULES = YES;
				CLANG_ENABLE_OBJC_ARC = YES;
				CLANG_ENABLE_OBJC_WEAK = YES;
				CLANG_WARN_BLOCK_CAPTURE_AUTORELEASING = YES;
				CLANG_WARN_BOOL_CONVERSION = YES;
				CLANG_WARN_COMMA = YES;
				CLANG_WARN_CONSTANT_CONVERSION = YES;
				CLANG_WARN_DEPRECATED_OBJC_IMPLEMENTATIONS = YES;
				CLANG_WARN_DIRECT_OBJC_ISA_USAGE = YES_ERROR;
				CLANG_WARN_DOCUMENTATION_COMMENTS = YES;
				CLANG_WARN_EMPTY_BODY = YES;
				CLANG_WARN_ENUM_CONVERSION = YES;
				CLANG_WARN_INFINITE_RECURSION = YES;
				CLANG_WARN_INT_CONVERSION = YES;
				CLANG_WARN_NON_LITERAL_NULL_CONVERSION = YES;
				CLANG_WARN_OBJC_IMPLICIT_RETAIN_SELF = YES;
				CLANG_WARN_OBJC_LITERAL_CONVERSION = YES;
				CLANG_WARN_OBJC_ROOT_CLASS = YES_ERROR;
				CLANG_WARN_QUOTED_INCLUDE_IN_FRAMEWORK_HEADER = YES;
				CLANG_WARN_RANGE_LOOP_ANALYSIS = YES;
				CLANG_WARN_STRICT_PROTOTYPES = YES;
				CLANG_WARN_SUSPICIOUS_MOVE = YES;
				CLANG_WARN_UNGUARDED_AVAILABILITY = YES_AGGRESSIVE;
				CLANG_WARN_UNREACHABLE_CODE = YES;
				CLANG_WARN__DUPLICATE_METHOD_MATCH = YES;
				COPY_PHASE_STRIP = NO;
				DEBUG_INFORMATION_FORMAT = dwarf;
				ENABLE_STRICT_OBJC_MSGSEND = YES;
				ENABLE_TESTABILITY = YES;
				GCC_C_LANGUAGE_STANDARD = gnu11;
				GCC_DYNAMIC_NO_PIC = NO;
				GCC_NO_COMMON_BLOCKS = YES;
				GCC_OPTIMIZATION_LEVEL = 0;
				GCC_PREPROCESSOR_DEFINITIONS = (
					"DEBUG=1",
					"$(inherited)",
				);
				GCC_WARN_64_TO_32_BIT_CONVERSION = YES;
				GCC_WARN_ABOUT_RETURN_TYPE = YES_ERROR;
				GCC_WARN_UNDECLARED_SELECTOR = YES;
				GCC_WARN_UNINITIALIZED_AUTOS = YES_AGGRESSIVE;
				GCC_WARN_UNUSED_FUNCTION = YES;
				GCC_WARN_UNUSED_VARIABLE = YES;
				IPHONEOS_DEPLOYMENT_TARGET = 14.5;
				MTL_ENABLE_DEBUG_INFO = INCLUDE_SOURCE;
				MTL_FAST_MATH = YES;
				ONLY_ACTIVE_ARCH = YES;
				SDKROOT = iphoneos;
				SWIFT_ACTIVE_COMPILATION_CONDITIONS = DEBUG;
				SWIFT_OPTIMIZATION_LEVEL = "-Onone";
			};
			name = Debug;
		};
		5EAB060C271F266300951DFD /* Release */ = {
			isa = XCBuildConfiguration;
			buildSettings = {
				ALWAYS_SEARCH_USER_PATHS = NO;
				CLANG_ANALYZER_NONNULL = YES;
				CLANG_ANALYZER_NUMBER_OBJECT_CONVERSION = YES_AGGRESSIVE;
				CLANG_CXX_LANGUAGE_STANDARD = "gnu++14";
				CLANG_CXX_LIBRARY = "libc++";
				CLANG_ENABLE_MODULES = YES;
				CLANG_ENABLE_OBJC_ARC = YES;
				CLANG_ENABLE_OBJC_WEAK = YES;
				CLANG_WARN_BLOCK_CAPTURE_AUTORELEASING = YES;
				CLANG_WARN_BOOL_CONVERSION = YES;
				CLANG_WARN_COMMA = YES;
				CLANG_WARN_CONSTANT_CONVERSION = YES;
				CLANG_WARN_DEPRECATED_OBJC_IMPLEMENTATIONS = YES;
				CLANG_WARN_DIRECT_OBJC_ISA_USAGE = YES_ERROR;
				CLANG_WARN_DOCUMENTATION_COMMENTS = YES;
				CLANG_WARN_EMPTY_BODY = YES;
				CLANG_WARN_ENUM_CONVERSION = YES;
				CLANG_WARN_INFINITE_RECURSION = YES;
				CLANG_WARN_INT_CONVERSION = YES;
				CLANG_WARN_NON_LITERAL_NULL_CONVERSION = YES;
				CLANG_WARN_OBJC_IMPLICIT_RETAIN_SELF = YES;
				CLANG_WARN_OBJC_LITERAL_CONVERSION = YES;
				CLANG_WARN_OBJC_ROOT_CLASS = YES_ERROR;
				CLANG_WARN_QUOTED_INCLUDE_IN_FRAMEWORK_HEADER = YES;
				CLANG_WARN_RANGE_LOOP_ANALYSIS = YES;
				CLANG_WARN_STRICT_PROTOTYPES = YES;
				CLANG_WARN_SUSPICIOUS_MOVE = YES;
				CLANG_WARN_UNGUARDED_AVAILABILITY = YES_AGGRESSIVE;
				CLANG_WARN_UNREACHABLE_CODE = YES;
				CLANG_WARN__DUPLICATE_METHOD_MATCH = YES;
				COPY_PHASE_STRIP = NO;
				DEBUG_INFORMATION_FORMAT = "dwarf-with-dsym";
				ENABLE_NS_ASSERTIONS = NO;
				ENABLE_STRICT_OBJC_MSGSEND = YES;
				GCC_C_LANGUAGE_STANDARD = gnu11;
				GCC_NO_COMMON_BLOCKS = YES;
				GCC_WARN_64_TO_32_BIT_CONVERSION = YES;
				GCC_WARN_ABOUT_RETURN_TYPE = YES_ERROR;
				GCC_WARN_UNDECLARED_SELECTOR = YES;
				GCC_WARN_UNINITIALIZED_AUTOS = YES_AGGRESSIVE;
				GCC_WARN_UNUSED_FUNCTION = YES;
				GCC_WARN_UNUSED_VARIABLE = YES;
				IPHONEOS_DEPLOYMENT_TARGET = 14.5;
				MTL_ENABLE_DEBUG_INFO = NO;
				MTL_FAST_MATH = YES;
				SDKROOT = iphoneos;
				SWIFT_COMPILATION_MODE = wholemodule;
				SWIFT_OPTIMIZATION_LEVEL = "-O";
				VALIDATE_PRODUCT = YES;
			};
			name = Release;
		};
		5EAB060E271F266300951DFD /* Debug */ = {
			isa = XCBuildConfiguration;
			baseConfigurationReference = 6A802E90C2C648FEBD29D182 /* Pods-Filter Cam.debug.xcconfig */;
			buildSettings = {
				ASSETCATALOG_COMPILER_APPICON_NAME = AppIcon;
				ASSETCATALOG_COMPILER_GLOBAL_ACCENT_COLOR_NAME = AccentColor;
				CODE_SIGN_STYLE = Automatic;
				DEVELOPMENT_TEAM = T53Y7GLJ7K;
				INFOPLIST_FILE = "Filter Cam/Info.plist";
				LD_RUNPATH_SEARCH_PATHS = (
					"$(inherited)",
					"@executable_path/Frameworks",
				);
				PRODUCT_BUNDLE_IDENTIFIER = "com.leeesangheee.Filter-Cam";
				PRODUCT_NAME = "$(TARGET_NAME)";
				SWIFT_VERSION = 5.0;
				TARGETED_DEVICE_FAMILY = "1,2";
			};
			name = Debug;
		};
		5EAB060F271F266300951DFD /* Release */ = {
			isa = XCBuildConfiguration;
			baseConfigurationReference = 82E08A3BCD0B3873C9EEB236 /* Pods-Filter Cam.release.xcconfig */;
			buildSettings = {
				ASSETCATALOG_COMPILER_APPICON_NAME = AppIcon;
				ASSETCATALOG_COMPILER_GLOBAL_ACCENT_COLOR_NAME = AccentColor;
				CODE_SIGN_STYLE = Automatic;
				DEVELOPMENT_TEAM = T53Y7GLJ7K;
				INFOPLIST_FILE = "Filter Cam/Info.plist";
				LD_RUNPATH_SEARCH_PATHS = (
					"$(inherited)",
					"@executable_path/Frameworks",
				);
				PRODUCT_BUNDLE_IDENTIFIER = "com.leeesangheee.Filter-Cam";
				PRODUCT_NAME = "$(TARGET_NAME)";
				SWIFT_VERSION = 5.0;
				TARGETED_DEVICE_FAMILY = "1,2";
			};
			name = Release;
		};
/* End XCBuildConfiguration section */

/* Begin XCConfigurationList section */
		5EAB05F4271F265D00951DFD /* Build configuration list for PBXProject "Filter Cam" */ = {
			isa = XCConfigurationList;
			buildConfigurations = (
				5EAB060B271F266300951DFD /* Debug */,
				5EAB060C271F266300951DFD /* Release */,
			);
			defaultConfigurationIsVisible = 0;
			defaultConfigurationName = Release;
		};
		5EAB060D271F266300951DFD /* Build configuration list for PBXNativeTarget "Filter Cam" */ = {
			isa = XCConfigurationList;
			buildConfigurations = (
				5EAB060E271F266300951DFD /* Debug */,
				5EAB060F271F266300951DFD /* Release */,
			);
			defaultConfigurationIsVisible = 0;
			defaultConfigurationName = Release;
		};
/* End XCConfigurationList section */
	};
	rootObject = 5EAB05F1271F265D00951DFD /* Project object */;
}
